
Microsoft Visual Studio Solution File, Format Version 12.00
# Visual Studio 15
VisualStudioVersion = 15.0.27703.2035
MinimumVisualStudioVersion = 10.0.40219.1
Project("{8BC9CEB8-8B4A-11D0-8D11-00A0C91BC942}") = "CMonitor", "CMonitor\CMonitor.vcxproj", "{8A4761E3-F67F-4BEC-B7D2-F5DE944858A3}"
EndProject
Project("{8BC9CEB8-8B4A-11D0-8D11-00A0C91BC942}") = "CMonitorExamples", "CMonitorExamples\CMonitorExamples.vcxproj", "{E0DD9362-0F3E-4B84-B911-54D38DE77F3B}"
	ProjectSection(ProjectDependencies) = postProject
		{8A4761E3-F67F-4BEC-B7D2-F5DE944858A3} = {8A4761E3-F67F-4BEC-B7D2-F5DE944858A3}
	EndProjectSection
EndProject
Global
	GlobalSection(SolutionConfigurationPlatforms) = preSolution
		Debug|x64 = Debug|x64
		Debug|x86 = Debug|x86
		Release|x64 = Release|x64
		Release|x86 = Release|x86
	EndGlobalSection
	GlobalSection(ProjectConfigurationPlatforms) = postSolution
		{8A4761E3-F67F-4BEC-B7D2-F5DE944858A3}.Debug|x64.ActiveCfg = Debug|x64
		{8A4761E3-F67F-4BEC-B7D2-F5DE944858A3}.Debug|x64.Build.0 = Debug|x64
		{8A4761E3-F67F-4BEC-B7D2-F5DE944858A3}.Debug|x86.ActiveCfg = Debug|Win32
		{8A4761E3-F67F-4BEC-B7D2-F5DE944858A3}.Debug|x86.Build.0 = Debug|Win32
		{8A4761E3-F67F-4BEC-B7D2-F5DE944858A3}.Release|x64.ActiveCfg = Release|x64
		{8A4761E3-F67F-4BEC-B7D2-F5DE944858A3}.Release|x64.Build.0 = Release|x64
		{8A4761E3-F67F-4BEC-B7D2-F5DE944858A3}.Release|x86.ActiveCfg = Release|Win32
		{8A4761E3-F67F-4BEC-B7D2-F5DE944858A3}.Release|x86.Build.0 = Release|Win32
		{E0DD9362-0F3E-4B84-B911-54D38DE77F3B}.Debug|x64.ActiveCfg = Debug|x64
		{E0DD9362-0F3E-4B84-B911-54D38DE77F3B}.Debug|x64.Build.0 = Debug|x64
		{E0DD9362-0F3E-4B84-B911-54D38DE77F3B}.Debug|x86.ActiveCfg = Debug|Win32
		{E0DD9362-0F3E-4B84-B911-54D38DE77F3B}.Debug|x86.Build.0 = Debug|Win32
		{E0DD9362-0F3E-4B84-B911-54D38DE77F3B}.Release|x64.ActiveCfg = Release|x64
		{E0DD9362-0F3E-4B84-B911-54D38DE77F3B}.Release|x64.Build.0 = Release|x64
		{E0DD9362-0F3E-4B84-B911-54D38DE77F3B}.Release|x86.ActiveCfg = Release|Win32
		{E0DD9362-0F3E-4B84-B911-54D38DE77F3B}.Release|x86.Build.0 = Release|Win32
	EndGlobalSection
	GlobalSection(SolutionProperties) = preSolution
		HideSolutionNode = FALSE
	EndGlobalSection
	GlobalSection(ExtensibilityGlobals) = postSolution
		SolutionGuid = {30F0FF03-C458-43C4-A8B8-E510A6EC9008}
	EndGlobalSection
EndGlobal
